
Microsoft Visual Studio Solution File, Format Version 12.00
# Visual Studio Version 17
VisualStudioVersion = 17.10.35013.160
MinimumVisualStudioVersion = 10.0.40219.1
Project("{FAE04EC0-301F-11D3-BF4B-00C04F79EFBC}") = "10", "10\10.csproj", "{291F59B3-03A2-4B7A-9058-28740A258B08}"
EndProject
Global
	GlobalSection(SolutionConfigurationPlatforms) = preSolution
		Debug|Any CPU = Debug|Any CPU
		Release|Any CPU = Release|Any CPU
	EndGlobalSection
	GlobalSection(ProjectConfigurationPlatforms) = postSolution
		{291F59B3-03A2-4B7A-9058-28740A258B08}.Debug|Any CPU.ActiveCfg = Debug|Any CPU
		{291F59B3-03A2-4B7A-9058-28740A258B08}.Debug|Any CPU.Build.0 = Debug|Any CPU
		{291F59B3-03A2-4B7A-9058-28740A258B08}.Release|Any CPU.ActiveCfg = Release|Any CPU
		{291F59B3-03A2-4B7A-9058-28740A258B08}.Release|Any CPU.Build.0 = Release|Any CPU
	EndGlobalSection
	GlobalSection(SolutionProperties) = preSolution
		HideSolutionNode = FALSE
	EndGlobalSection
	GlobalSection(ExtensibilityGlobals) = postSolution
		SolutionGuid = {CC900125-5D13-498F-A119-B3F406C1D733}
	EndGlobalSection
EndGlobal
